{
  "name": "dancing-drone",
  "version": "1.0.0",
  "lockfileVersion": 1,
  "requires": true,
  "dependencies": {
    "bplist-parser": {
      "version": "0.0.6",
      "resolved": "https://registry.npmjs.org/bplist-parser/-/bplist-parser-0.0.6.tgz",
      "integrity": "sha1-ONo0cYF9+dRKs4kuJ3B7u9daEbk=",
      "optional": true
    },
    "debug": {
      "version": "2.6.9",
      "resolved": "https://registry.npmjs.org/debug/-/debug-2.6.9.tgz",
      "integrity": "sha512-bC7ElrdJaJnPbAP+1EotYvqZsb3ecl5wi6Bfi6BJTUcNowp6cvspg0jXznRTKDjm/E7AdgFBVeAPVMNcKGsHMA==",
      "requires": {
        "ms": "2.0.0"
      }
    },
    "keypress": {
      "version": "0.2.1",
      "resolved": "https://registry.npmjs.org/keypress/-/keypress-0.2.1.tgz",
      "integrity": "sha1-HoBFQlABjbrUw/6USX1uZ7YmnHc="
    },
    "lodash": {
      "version": "3.9.3",
      "resolved": "https://registry.npmjs.org/lodash/-/lodash-3.9.3.tgz",
      "integrity": "sha1-AVnoaDL+/8bWHYUrEqlTuZSWvTI="
    },
    "logitech-dual-action-controller": {
      "version": "git+https://github.com/voodootikigod/node-logitech-dual-action-controller.git#b5829248c4382ddfb56b4ece1c8b7bd025ef5126",
      "optional": true,
      "requires": {
        "node-hid": "0.4.1",
        "pad": "0.0.4"
      }
    },
    "ms": {
      "version": "2.0.0",
      "resolved": "https://registry.npmjs.org/ms/-/ms-2.0.0.tgz",
      "integrity": "sha1-VgiurfwAvmwpAd9fmGF4jeDVl8g="
    },
    "nan": {
      "version": "2.8.0",
      "resolved": "https://registry.npmjs.org/nan/-/nan-2.8.0.tgz",
      "integrity": "sha1-7XFfP+neArV6XmJS2QqWZ14fCFo=",
      "optional": true
    },
    "noble": {
      "version": "1.9.0",
      "resolved": "https://registry.npmjs.org/noble/-/noble-1.9.0.tgz",
      "integrity": "sha1-3MuUIO4rFVoFHE7DNoz/BYgmiWI=",
      "requires": {
        "bplist-parser": "0.0.6",
        "debug": "2.2.0",
        "xpc-connection": "0.1.4"
      },
      "dependencies": {
        "debug": {
          "version": "2.2.0",
          "resolved": "https://registry.npmjs.org/debug/-/debug-2.2.0.tgz",
          "integrity": "sha1-+HBX6ZWxofauaklgZkE3vFbwOdo=",
          "requires": {
            "ms": "0.7.1"
          }
        },
        "ms": {
          "version": "0.7.1",
          "resolved": "https://registry.npmjs.org/ms/-/ms-0.7.1.tgz",
          "integrity": "sha1-nNE8A62/8ltl7/3nzoZO6VIBcJg="
        }
      }
    },
    "node-hid": {
      "version": "0.4.1",
      "resolved": "https://registry.npmjs.org/node-hid/-/node-hid-0.4.1.tgz",
      "integrity": "sha1-p8Inf62MAbaiuNBbWK6FPHomaeI=",
      "optional": true,
      "requires": {
        "nan": "2.8.0"
      }
    },
    "pad": {
      "version": "0.0.4",
      "resolved": "https://registry.npmjs.org/pad/-/pad-0.0.4.tgz",
      "integrity": "sha1-eVgZ0v1SqLzSGcFwuG5A+rOOC4w=",
      "optional": true
    },
    "rolling-spider": {
      "version": "1.7.0",
      "resolved": "https://registry.npmjs.org/rolling-spider/-/rolling-spider-1.7.0.tgz",
      "integrity": "sha1-+Sn14GXCJSQtU5uho6HInZRZRdk=",
      "requires": {
        "debug": "2.6.9",
        "keypress": "0.2.1",
        "lodash": "3.9.3",
        "logitech-dual-action-controller": "git+https://github.com/voodootikigod/node-logitech-dual-action-controller.git#b5829248c4382ddfb56b4ece1c8b7bd025ef5126",
        "noble": "1.9.0"
      }
    },
    "temporal": {
      "version": "0.6.0",
      "resolved": "https://registry.npmjs.org/temporal/-/temporal-0.6.0.tgz",
      "integrity": "sha1-Yc4eOU/huObHmp9WWG8XoATDZw0="
    },
    "xpc-connection": {
      "version": "0.1.4",
      "resolved": "https://registry.npmjs.org/xpc-connection/-/xpc-connection-0.1.4.tgz",
      "integrity": "sha1-3Nf6oq7Gt6bhjMXdrQQvejTHcVY=",
      "optional": true,
      "requires": {
        "nan": "2.8.0"
      }
    }
  }
}
